
Microsoft Visual Studio Solution File, Format Version 12.00
# Visual Studio Version 17
VisualStudioVersion = 17.9.34622.214
MinimumVisualStudioVersion = 10.0.40219.1
Project("{8BC9CEB8-8B4A-11D0-8D11-00A0C91BC942}") = "02", "02\02.vcxproj", "{AB9A0783-D7F1-4EF6-A52D-95FA687CA4FD}"
EndProject
Global
	GlobalSection(SolutionConfigurationPlatforms) = preSolution
		Debug|x64 = Debug|x64
		Debug|x86 = Debug|x86
		Release|x64 = Release|x64
		Release|x86 = Release|x86
	EndGlobalSection
	GlobalSection(ProjectConfigurationPlatforms) = postSolution
		{AB9A0783-D7F1-4EF6-A52D-95FA687CA4FD}.Debug|x64.ActiveCfg = Debug|x64
		{AB9A0783-D7F1-4EF6-A52D-95FA687CA4FD}.Debug|x64.Build.0 = Debug|x64
		{AB9A0783-D7F1-4EF6-A52D-95FA687CA4FD}.Debug|x86.ActiveCfg = Debug|Win32
		{AB9A0783-D7F1-4EF6-A52D-95FA687CA4FD}.Debug|x86.Build.0 = Debug|Win32
		{AB9A0783-D7F1-4EF6-A52D-95FA687CA4FD}.Release|x64.ActiveCfg = Release|x64
		{AB9A0783-D7F1-4EF6-A52D-95FA687CA4FD}.Release|x64.Build.0 = Release|x64
		{AB9A0783-D7F1-4EF6-A52D-95FA687CA4FD}.Release|x86.ActiveCfg = Release|Win32
		{AB9A0783-D7F1-4EF6-A52D-95FA687CA4FD}.Release|x86.Build.0 = Release|Win32
	EndGlobalSection
	GlobalSection(SolutionProperties) = preSolution
		HideSolutionNode = FALSE
	EndGlobalSection
	GlobalSection(ExtensibilityGlobals) = postSolution
		SolutionGuid = {BD014C6C-4032-4718-A1AC-D16AAD8D7D75}
	EndGlobalSection
EndGlobal
